
Microsoft Visual Studio Solution File, Format Version 12.00
# Visual Studio Version 17
VisualStudioVersion = 17.4.33205.214
MinimumVisualStudioVersion = 10.0.40219.1
Project("{FAE04EC0-301F-11D3-BF4B-00C04F79EFBC}") = "DNS", "DNS\DNS.csproj", "{B978A1F1-3822-4F78-AF42-CA926CD8FB72}"
EndProject
Global
	GlobalSection(SolutionConfigurationPlatforms) = preSolution
		Debug|Any CPU = Debug|Any CPU
		Release|Any CPU = Release|Any CPU
	EndGlobalSection
	GlobalSection(ProjectConfigurationPlatforms) = postSolution
		{B978A1F1-3822-4F78-AF42-CA926CD8FB72}.Debug|Any CPU.ActiveCfg = Debug|Any CPU
		{B978A1F1-3822-4F78-AF42-CA926CD8FB72}.Debug|Any CPU.Build.0 = Debug|Any CPU
		{B978A1F1-3822-4F78-AF42-CA926CD8FB72}.Release|Any CPU.ActiveCfg = Release|Any CPU
		{B978A1F1-3822-4F78-AF42-CA926CD8FB72}.Release|Any CPU.Build.0 = Release|Any CPU
	EndGlobalSection
	GlobalSection(SolutionProperties) = preSolution
		HideSolutionNode = FALSE
	EndGlobalSection
	GlobalSection(ExtensibilityGlobals) = postSolution
		SolutionGuid = {EA0733E7-961E-4B3C-BFD6-31E49C8FF55C}
	EndGlobalSection
EndGlobal
